{
  "version": 4,
  "terraform_version": "0.12.4",
  "serial": 1,
  "lineage": "0b5781fa-c4f4-8cee-6eb0-5007566a3e32",
  "outputs": {},
  "resources": [
    {
      "mode": "managed",
      "type": "datadog_screenboard",
      "name": "xander-api-ec2-monitor",
      "provider": "provider.datadog",
      "instances": [
        {
          "schema_version": 0,
          "attributes": {
            "height": "0",
            "id": "793646",
            "read_only": true,
            "shared": false,
            "template_variable": [],
            "title": "Xander's Api",
            "widget": [
              {
                "alert_id": 0,
                "auto_refresh": false,
                "bgcolor": "",
                "check": "",
                "color": "",
                "color_preference": "",
                "columns": "",
                "display_format": "",
                "env": "",
                "event_size": "",
                "font_size": "",
                "group": "",
                "group_by": null,
                "grouping": "",
                "height": 16,
                "hide_zero_counts": false,
                "html": "",
                "layout_version": "",
                "legend": false,
                "legend_size": "",
                "logset": "",
                "manage_status_show_title": false,
                "manage_status_title_align": "",
                "manage_status_title_size": "",
                "manage_status_title_text": "",
                "margin": "",
                "monitor": null,
                "must_show_breakdown": false,
                "must_show_distribution": false,
                "must_show_errors": false,
                "must_show_hits": false,
                "must_show_latency": false,
                "must_show_resource_list": false,
                "params": null,
                "precision": "",
                "query": "",
                "rule": [],
                "service_name": "",
                "service_service": "",
                "size_version": "",
                "sizing": "",
                "tags": null,
                "text": "",
                "text_align": "",
                "text_size": "auto",
                "tick": false,
                "tick_edge": "",
                "tick_pos": "",
                "tile_def": [
                  {
                    "autoscale": true,
                    "custom_unit": "",
                    "event": [],
                    "group": null,
                    "marker": [],
                    "no_group_hosts": false,
                    "no_metric_hosts": false,
                    "node_type": "",
                    "precision": "0",
                    "request": [
                      {
                        "aggregator": "sum",
                        "change_type": "",
                        "compare_to": "",
                        "conditional_format": [],
                        "extra_col": "",
                        "increase_good": false,
                        "limit": 0,
                        "metadata_json": "",
                        "metric": "",
                        "order_by": "",
                        "order_dir": "",
                        "q": "sum:aws.applicationelb.request_count{*}.as_count()",
                        "query_type": "",
                        "style": {
                          "palette": "dog_classic"
                        },
                        "tag_filters": null,
                        "text_filter": "",
                        "type": "line"
                      }
                    ],
                    "scope": null,
                    "style": null,
                    "text_align": "",
                    "viz": "query_value"
                  }
                ],
                "time": {},
                "timeframes": null,
                "title": "API ECS Requests Count",
                "title_align": "left",
                "title_size": 13,
                "type": "query_value",
                "unit": "",
                "url": "",
                "viz_type": "",
                "width": 16,
                "x": 2,
                "y": 2
              }
            ],
            "width": "0"
          },
          "private": "bnVsbA=="
        }
      ]
    }
  ]
}
